// !$*UTF8*$!
{
	archiveVersion = 1;
	classes = {
	};
	objectVersion = 46;
	objects = {

/* Begin PBXBuildFile section */
		C2D68DA71C257F5300D58570 /* main.m in Sources */ = {isa = PBXBuildFile; fileRef = C2D68DA61C257F5300D58570 /* main.m */; };
		C2D68DAA1C257F5300D58570 /* AppDelegate.m in Sources */ = {isa = PBXBuildFile; fileRef = C2D68DA91C257F5300D58570 /* AppDelegate.m */; };
		C2D68DAD1C257F5300D58570 /* ViewController.m in Sources */ = {isa = PBXBuildFile; fileRef = C2D68DAC1C257F5300D58570 /* ViewController.m */; };
		C2D68DB01C257F5300D58570 /* Main.storyboard in Resources */ = {isa = PBXBuildFile; fileRef = C2D68DAE1C257F5300D58570 /* Main.storyboard */; };
		C2D68DB21C257F5300D58570 /* Assets.xcassets in Resources */ = {isa = PBXBuildFile; fileRef = C2D68DB11C257F5300D58570 /* Assets.xcassets */; };
		C2D68DB51C257F5300D58570 /* LaunchScreen.storyboard in Resources */ = {isa = PBXBuildFile; fileRef = C2D68DB31C257F5300D58570 /* LaunchScreen.storyboard */; };
		C2D68DBD1C257F8100D58570 /* Person.plist in Resources */ = {isa = PBXBuildFile; fileRef = C2D68DBC1C257F8100D58570 /* Person.plist */; };
		C2D68EBD1C25825400D58570 /* XQContactModel.m in Sources */ = {isa = PBXBuildFile; fileRef = C2D68EBC1C25825400D58570 /* XQContactModel.m */; };
/* End PBXBuildFile section */

/* Begin PBXFileReference section */
		C2D68DA21C257F5300D58570 /* Contact.app */ = {isa = PBXFileReference; explicitFileType = wrapper.application; includeInIndex = 0; path = Contact.app; sourceTree = BUILT_PRODUCTS_DIR; };
		C2D68DA61C257F5300D58570 /* main.m */ = {isa = PBXFileReference; lastKnownFileType = sourcecode.c.objc; path = main.m; sourceTree = "<group>"; };
		C2D68DA81C257F5300D58570 /* AppDelegate.h */ = {isa = PBXFileReference; lastKnownFileType = sourcecode.c.h; path = AppDelegate.h; sourceTree = "<group>"; };
		C2D68DA91C257F5300D58570 /* AppDelegate.m */ = {isa = PBXFileReference; lastKnownFileType = sourcecode.c.objc; path = AppDelegate.m; sourceTree = "<group>"; };
		C2D68DAB1C257F5300D58570 /* ViewController.h */ = {isa = PBXFileReference; lastKnownFileType = sourcecode.c.h; path = ViewController.h; sourceTree = "<group>"; };
		C2D68DAC1C257F5300D58570 /* ViewController.m */ = {isa = PBXFileReference; lastKnownFileType = sourcecode.c.objc; path = ViewController.m; sourceTree = "<group>"; };
		C2D68DAF1C257F5300D58570 /* Base */ = {isa = PBXFileReference; lastKnownFileType = file.storyboard; name = Base; path = Base.lproj/Main.storyboard; sourceTree = "<group>"; };
		C2D68DB11C257F5300D58570 /* Assets.xcassets */ = {isa = PBXFileReference; lastKnownFileType = folder.assetcatalog; path = Assets.xcassets; sourceTree = "<group>"; };
		C2D68DB41C257F5300D58570 /* Base */ = {isa = PBXFileReference; lastKnownFileType = file.storyboard; name = Base; path = Base.lproj/LaunchScreen.storyboard; sourceTree = "<group>"; };
		C2D68DB61C257F5300D58570 /* Info.plist */ = {isa = PBXFileReference; lastKnownFileType = text.plist.xml; path = Info.plist; sourceTree = "<group>"; };
		C2D68DBC1C257F8100D58570 /* Person.plist */ = {isa = PBXFileReference; fileEncoding = 4; lastKnownFileType = text.plist.xml; path = Person.plist; sourceTree = "<group>"; };
		C2D68EBB1C25825400D58570 /* XQContactModel.h */ = {isa = PBXFileReference; fileEncoding = 4; lastKnownFileType = sourcecode.c.h; path = XQContactModel.h; sourceTree = "<group>"; };
		C2D68EBC1C25825400D58570 /* XQContactModel.m */ = {isa = PBXFileReference; fileEncoding = 4; lastKnownFileType = sourcecode.c.objc; path = XQContactModel.m; sourceTree = "<group>"; };
/* End PBXFileReference section */

/* Begin PBXFrameworksBuildPhase section */
		C2D68D9F1C257F5300D58570 /* Frameworks */ = {
			isa = PBXFrameworksBuildPhase;
			buildActionMask = 2147483647;
			files = (
			);
			runOnlyForDeploymentPostprocessing = 0;
		};
/* End PBXFrameworksBuildPhase section */

/* Begin PBXGroup section */
		C2D68D991C257F5300D58570 = {
			isa = PBXGroup;
			children = (
				C2D68DA41C257F5300D58570 /* Contact */,
				C2D68DA31C257F5300D58570 /* Products */,
			);
			sourceTree = "<group>";
		};
		C2D68DA31C257F5300D58570 /* Products */ = {
			isa = PBXGroup;
			children = (
				C2D68DA21C257F5300D58570 /* Contact.app */,
			);
			name = Products;
			sourceTree = "<group>";
		};
		C2D68DA41C257F5300D58570 /* Contact */ = {
			isa = PBXGroup;
			children = (
				C2D68DA81C257F5300D58570 /* AppDelegate.h */,
				C2D68DA91C257F5300D58570 /* AppDelegate.m */,
				C2D68DAB1C257F5300D58570 /* ViewController.h */,
				C2D68DAC1C257F5300D58570 /* ViewController.m */,
				C2D68EBB1C25825400D58570 /* XQContactModel.h */,
				C2D68EBC1C25825400D58570 /* XQContactModel.m */,
				C2D68DAE1C257F5300D58570 /* Main.storyboard */,
				C2D68DB11C257F5300D58570 /* Assets.xcassets */,
				C2D68DBC1C257F8100D58570 /* Person.plist */,
				C2D68DB31C257F5300D58570 /* LaunchScreen.storyboard */,
				C2D68DB61C257F5300D58570 /* Info.plist */,
				C2D68DA51C257F5300D58570 /* Supporting Files */,
			);
			path = Contact;
			sourceTree = "<group>";
		};
		C2D68DA51C257F5300D58570 /* Supporting Files */ = {
			isa = PBXGroup;
			children = (
				C2D68DA61C257F5300D58570 /* main.m */,
			);
			name = "Supporting Files";
			sourceTree = "<group>";
		};
/* End PBXGroup section */

/* Begin PBXNativeTarget section */
		C2D68DA11C257F5300D58570 /* Contact */ = {
			isa = PBXNativeTarget;
			buildConfigurationList = C2D68DB91C257F5300D58570 /* Build configuration list for PBXNativeTarget "Contact" */;
			buildPhases = (
				C2D68D9E1C257F5300D58570 /* Sources */,
				C2D68D9F1C257F5300D58570 /* Frameworks */,
				C2D68DA01C257F5300D58570 /* Resources */,
			);
			buildRules = (
			);
			dependencies = (
			);
			name = Contact;
			productName = Contact;
			productReference = C2D68DA21C257F5300D58570 /* Contact.app */;
			productType = "com.apple.product-type.application";
		};
/* End PBXNativeTarget section */

/* Begin PBXProject section */
		C2D68D9A1C257F5300D58570 /* Project object */ = {
			isa = PBXProject;
			attributes = {
				CLASSPREFIX = XQ;
				LastUpgradeCheck = 0720;
				ORGANIZATIONNAME = bukaopu;
				TargetAttributes = {
					C2D68DA11C257F5300D58570 = {
						CreatedOnToolsVersion = 7.2;
					};
				};
			};
			buildConfigurationList = C2D68D9D1C257F5300D58570 /* Build configuration list for PBXProject "Contact" */;
			compatibilityVersion = "Xcode 3.2";
			developmentRegion = English;
			hasScannedForEncodings = 0;
			knownRegions = (
				en,
				Base,
			);
			mainGroup = C2D68D991C257F5300D58570;
			productRefGroup = C2D68DA31C257F5300D58570 /* Products */;
			projectDirPath = "";
			projectRoot = "";
			targets = (
				C2D68DA11C257F5300D58570 /* Contact */,
			);
		};
/* End PBXProject section */

/* Begin PBXResourcesBuildPhase section */
		C2D68DA01C257F5300D58570 /* Resources */ = {
			isa = PBXResourcesBuildPhase;
			buildActionMask = 2147483647;
			files = (
				C2D68DB51C257F5300D58570 /* LaunchScreen.storyboard in Resources */,
				C2D68DBD1C257F8100D58570 /* Person.plist in Resources */,
				C2D68DB21C257F5300D58570 /* Assets.xcassets in Resources */,
				C2D68DB01C257F5300D58570 /* Main.storyboard in Resources */,
			);
			runOnlyForDeploymentPostprocessing = 0;
		};
/* End PBXResourcesBuildPhase section */

/* Begin PBXSourcesBuildPhase section */
		C2D68D9E1C257F5300D58570 /* Sources */ = {
			isa = PBXSourcesBuildPhase;
			buildActionMask = 2147483647;
			files = (
				C2D68DAD1C257F5300D58570 /* ViewController.m in Sources */,
				C2D68EBD1C25825400D58570 /* XQContactModel.m in Sources */,
				C2D68DAA1C257F5300D58570 /* AppDelegate.m in Sources */,
				C2D68DA71C257F5300D58570 /* main.m in Sources */,
			);
			runOnlyForDeploymentPostprocessing = 0;
		};
/* End PBXSourcesBuildPhase section */

/* Begin PBXVariantGroup section */
		C2D68DAE1C257F5300D58570 /* Main.storyboard */ = {
			isa = PBXVariantGroup;
			children = (
				C2D68DAF1C257F5300D58570 /* Base */,
			);
			name = Main.storyboard;
			sourceTree = "<group>";
		};
		C2D68DB31C257F5300D58570 /* LaunchScreen.storyboard */ = {
			isa = PBXVariantGroup;
			children = (
				C2D68DB41C257F5300D58570 /* Base */,
			);
			name = LaunchScreen.storyboard;
			sourceTree = "<group>";
		};
/* End PBXVariantGroup section */

/* Begin XCBuildConfiguration section */
		C2D68DB71C257F5300D58570 /* Debug */ = {
			isa = XCBuildConfiguration;
			buildSettings = {
				ALWAYS_SEARCH_USER_PATHS = NO;
				CLANG_CXX_LANGUAGE_STANDARD = "gnu++0x";
				CLANG_CXX_LIBRARY = "libc++";
				CLANG_ENABLE_MODULES = YES;
				CLANG_ENABLE_OBJC_ARC = YES;
				CLANG_WARN_BOOL_CONVERSION = YES;
				CLANG_WARN_CONSTANT_CONVERSION = YES;
				CLANG_WARN_DIRECT_OBJC_ISA_USAGE = YES_ERROR;
				CLANG_WARN_EMPTY_BODY = YES;
				CLANG_WARN_ENUM_CONVERSION = YES;
				CLANG_WARN_INT_CONVERSION = YES;
				CLANG_WARN_OBJC_ROOT_CLASS = YES_ERROR;
				CLANG_WARN_UNREACHABLE_CODE = YES;
				CLANG_WARN__DUPLICATE_METHOD_MATCH = YES;
				"CODE_SIGN_IDENTITY[sdk=iphoneos*]" = "iPhone Developer";
				COPY_PHASE_STRIP = NO;
				DEBUG_INFORMATION_FORMAT = dwarf;
				ENABLE_STRICT_OBJC_MSGSEND = YES;
				ENABLE_TESTABILITY = YES;
				GCC_C_LANGUAGE_STANDARD = gnu99;
				GCC_DYNAMIC_NO_PIC = NO;
				GCC_NO_COMMON_BLOCKS = YES;
				GCC_OPTIMIZATION_LEVEL = 0;
				GCC_PREPROCESSOR_DEFINITIONS = (
					"DEBUG=1",
					"$(inherited)",
				);
				GCC_WARN_64_TO_32_BIT_CONVERSION = YES;
				GCC_WARN_ABOUT_RETURN_TYPE = YES_ERROR;
				GCC_WARN_UNDECLARED_SELECTOR = YES;
				GCC_WARN_UNINITIALIZED_AUTOS = YES_AGGRESSIVE;
				GCC_WARN_UNUSED_FUNCTION = YES;
				GCC_WARN_UNUSED_VARIABLE = YES;
				IPHONEOS_DEPLOYMENT_TARGET = 9.2;
				MTL_ENABLE_DEBUG_INFO = YES;
				ONLY_ACTIVE_ARCH = YES;
				SDKROOT = iphoneos;
			};
			name = Debug;
		};
		C2D68DB81C257F5300D58570 /* Release */ = {
			isa = XCBuildConfiguration;
			buildSettings = {
				ALWAYS_SEARCH_USER_PATHS = NO;
				CLANG_CXX_LANGUAGE_STANDARD = "gnu++0x";
				CLANG_CXX_LIBRARY = "libc++";
				CLANG_ENABLE_MODULES = YES;
				CLANG_ENABLE_OBJC_ARC = YES;
				CLANG_WARN_BOOL_CONVERSION = YES;
				CLANG_WARN_CONSTANT_CONVERSION = YES;
				CLANG_WARN_DIRECT_OBJC_ISA_USAGE = YES_ERROR;
				CLANG_WARN_EMPTY_BODY = YES;
				CLANG_WARN_ENUM_CONVERSION = YES;
				CLANG_WARN_INT_CONVERSION = YES;
				CLANG_WARN_OBJC_ROOT_CLASS = YES_ERROR;
				CLANG_WARN_UNREACHABLE_CODE = YES;
				CLANG_WARN__DUPLICATE_METHOD_MATCH = YES;
				"CODE_SIGN_IDENTITY[sdk=iphoneos*]" = "iPhone Developer";
				COPY_PHASE_STRIP = NO;
				DEBUG_INFORMATION_FORMAT = "dwarf-with-dsym";
				ENABLE_NS_ASSERTIONS = NO;
				ENABLE_STRICT_OBJC_MSGSEND = YES;
				GCC_C_LANGUAGE_STANDARD = gnu99;
				GCC_NO_COMMON_BLOCKS = YES;
				GCC_WARN_64_TO_32_BIT_CONVERSION = YES;
				GCC_WARN_ABOUT_RETURN_TYPE = YES_ERROR;
				GCC_WARN_UNDECLARED_SELECTOR = YES;
				GCC_WARN_UNINITIALIZED_AUTOS = YES_AGGRESSIVE;
				GCC_WARN_UNUSED_FUNCTION = YES;
				GCC_WARN_UNUSED_VARIABLE = YES;
				IPHONEOS_DEPLOYMENT_TARGET = 9.2;
				MTL_ENABLE_DEBUG_INFO = NO;
				SDKROOT = iphoneos;
				VALIDATE_PRODUCT = YES;
			};
			name = Release;
		};
		C2D68DBA1C257F5300D58570 /* Debug */ = {
			isa = XCBuildConfiguration;
			buildSettings = {
				ASSETCATALOG_COMPILER_APPICON_NAME = AppIcon;
				INFOPLIST_FILE = Contact/Info.plist;
				LD_RUNPATH_SEARCH_PATHS = "$(inherited) @executable_path/Frameworks";
				PRODUCT_BUNDLE_IDENTIFIER = bukaopu.Contact;
				PRODUCT_NAME = "$(TARGET_NAME)";
			};
			name = Debug;
		};
		C2D68DBB1C257F5300D58570 /* Release */ = {
			isa = XCBuildConfiguration;
			buildSettings = {
				ASSETCATALOG_COMPILER_APPICON_NAME = AppIcon;
				INFOPLIST_FILE = Contact/Info.plist;
				LD_RUNPATH_SEARCH_PATHS = "$(inherited) @executable_path/Frameworks";
				PRODUCT_BUNDLE_IDENTIFIER = bukaopu.Contact;
				PRODUCT_NAME = "$(TARGET_NAME)";
			};
			name = Release;
		};
/* End XCBuildConfiguration section */

/* Begin XCConfigurationList section */
		C2D68D9D1C257F5300D58570 /* Build configuration list for PBXProject "Contact" */ = {
			isa = XCConfigurationList;
			buildConfigurations = (
				C2D68DB71C257F5300D58570 /* Debug */,
				C2D68DB81C257F5300D58570 /* Release */,
			);
			defaultConfigurationIsVisible = 0;
			defaultConfigurationName = Release;
		};
		C2D68DB91C257F5300D58570 /* Build configuration list for PBXNativeTarget "Contact" */ = {
			isa = XCConfigurationList;
			buildConfigurations = (
				C2D68DBA1C257F5300D58570 /* Debug */,
				C2D68DBB1C257F5300D58570 /* Release */,
			);
			defaultConfigurationIsVisible = 0;
			defaultConfigurationName = Release;
		};
/* End XCConfigurationList section */
	};
	rootObject = C2D68D9A1C257F5300D58570 /* Project object */;
}
